
Microsoft Visual Studio Solution File, Format Version 12.00
# Visual Studio 14
VisualStudioVersion = 14.0.24720.0
MinimumVisualStudioVersion = 10.0.40219.1
Project("{FAE04EC0-301F-11D3-BF4B-00C04F79EFBC}") = "MyProject", "MyProject\MyProject.csproj", "{FC2EE1DE-2CFA-4E6F-8BCF-C698592F7DF4}"
EndProject
Project("{FAE04EC0-301F-11D3-BF4B-00C04F79EFBC}") = "Model", "Model\Model.csproj", "{27BC5E7D-2B4E-4591-BF66-9396C0D008A8}"
EndProject
Project("{2150E333-8FDC-42A3-9474-1A3956D46DE8}") = "04 Common", "04 Common", "{05535D70-1765-4E8F-8760-1A8E47D4251A}"
EndProject
Project("{FAE04EC0-301F-11D3-BF4B-00C04F79EFBC}") = "Dal", "Dal\Dal.csproj", "{569974B8-59AE-4061-B475-A3D59530EB42}"
EndProject
Project("{2150E333-8FDC-42A3-9474-1A3956D46DE8}") = "03 Dal", "03 Dal", "{30785553-0A6E-46FF-99BB-74A42EBF2614}"
EndProject
Project("{2150E333-8FDC-42A3-9474-1A3956D46DE8}") = "02 Bll", "02 Bll", "{EE264E50-4D88-4940-A7EA-A9290D283EB8}"
EndProject
Project("{FAE04EC0-301F-11D3-BF4B-00C04F79EFBC}") = "Bll", "Bll\Bll.csproj", "{D48DEB68-F6CC-466D-B8EB-52C2DB9D583A}"
EndProject
Project("{FAE04EC0-301F-11D3-BF4B-00C04F79EFBC}") = "Common", "Common\Common.csproj", "{04761158-02B4-4632-9BEF-78005DA2FFAF}"
EndProject
Project("{2150E333-8FDC-42A3-9474-1A3956D46DE8}") = "01 UI", "01 UI", "{66F7929A-C315-4E7C-86CD-26EABBC682CF}"
EndProject
Global
	GlobalSection(SolutionConfigurationPlatforms) = preSolution
		Debug|Any CPU = Debug|Any CPU
		Release|Any CPU = Release|Any CPU
	EndGlobalSection
	GlobalSection(ProjectConfigurationPlatforms) = postSolution
		{FC2EE1DE-2CFA-4E6F-8BCF-C698592F7DF4}.Debug|Any CPU.ActiveCfg = Debug|Any CPU
		{FC2EE1DE-2CFA-4E6F-8BCF-C698592F7DF4}.Debug|Any CPU.Build.0 = Debug|Any CPU
		{FC2EE1DE-2CFA-4E6F-8BCF-C698592F7DF4}.Release|Any CPU.ActiveCfg = Release|Any CPU
		{FC2EE1DE-2CFA-4E6F-8BCF-C698592F7DF4}.Release|Any CPU.Build.0 = Release|Any CPU
		{27BC5E7D-2B4E-4591-BF66-9396C0D008A8}.Debug|Any CPU.ActiveCfg = Debug|Any CPU
		{27BC5E7D-2B4E-4591-BF66-9396C0D008A8}.Debug|Any CPU.Build.0 = Debug|Any CPU
		{27BC5E7D-2B4E-4591-BF66-9396C0D008A8}.Release|Any CPU.ActiveCfg = Release|Any CPU
		{27BC5E7D-2B4E-4591-BF66-9396C0D008A8}.Release|Any CPU.Build.0 = Release|Any CPU
		{569974B8-59AE-4061-B475-A3D59530EB42}.Debug|Any CPU.ActiveCfg = Debug|Any CPU
		{569974B8-59AE-4061-B475-A3D59530EB42}.Debug|Any CPU.Build.0 = Debug|Any CPU
		{569974B8-59AE-4061-B475-A3D59530EB42}.Release|Any CPU.ActiveCfg = Release|Any CPU
		{569974B8-59AE-4061-B475-A3D59530EB42}.Release|Any CPU.Build.0 = Release|Any CPU
		{D48DEB68-F6CC-466D-B8EB-52C2DB9D583A}.Debug|Any CPU.ActiveCfg = Debug|Any CPU
		{D48DEB68-F6CC-466D-B8EB-52C2DB9D583A}.Debug|Any CPU.Build.0 = Debug|Any CPU
		{D48DEB68-F6CC-466D-B8EB-52C2DB9D583A}.Release|Any CPU.ActiveCfg = Release|Any CPU
		{D48DEB68-F6CC-466D-B8EB-52C2DB9D583A}.Release|Any CPU.Build.0 = Release|Any CPU
		{04761158-02B4-4632-9BEF-78005DA2FFAF}.Debug|Any CPU.ActiveCfg = Debug|Any CPU
		{04761158-02B4-4632-9BEF-78005DA2FFAF}.Debug|Any CPU.Build.0 = Debug|Any CPU
		{04761158-02B4-4632-9BEF-78005DA2FFAF}.Release|Any CPU.ActiveCfg = Release|Any CPU
		{04761158-02B4-4632-9BEF-78005DA2FFAF}.Release|Any CPU.Build.0 = Release|Any CPU
	EndGlobalSection
	GlobalSection(SolutionProperties) = preSolution
		HideSolutionNode = FALSE
	EndGlobalSection
	GlobalSection(NestedProjects) = preSolution
		{27BC5E7D-2B4E-4591-BF66-9396C0D008A8} = {05535D70-1765-4E8F-8760-1A8E47D4251A}
		{569974B8-59AE-4061-B475-A3D59530EB42} = {30785553-0A6E-46FF-99BB-74A42EBF2614}
		{D48DEB68-F6CC-466D-B8EB-52C2DB9D583A} = {EE264E50-4D88-4940-A7EA-A9290D283EB8}
		{04761158-02B4-4632-9BEF-78005DA2FFAF} = {05535D70-1765-4E8F-8760-1A8E47D4251A}
	EndGlobalSection
EndGlobal
